version = 1
revision = 3
requires-python = ">=3.13"

[[package]]
name = "adafruit-blinka"
version = "8.68.0"
source = { registry = "https://pypi.org/simple" }
dependencies = [
    { name = "adafruit-circuitpython-typing" },
    { name = "adafruit-platformdetect" },
    { name = "adafruit-pureio" },
    { name = "binho-host-adapter" },
    { name = "pyftdi" },
    { name = "sysv-ipc", marker = "platform_machine != 'mips' and sys_platform == 'linux'" },
]
sdist = { url = "https://files.pythonhosted.org/packages/38/ca/362177fd0830201fd2a9ae34cecdd5593c9fa9d9d3bc81a6941a54cbe221/adafruit_blinka-8.68.0.tar.gz", hash = "sha256:7411be4c88ac56412b0fa2f1154bfbe5f93ad3010591a5dc8d7f3bc13ea7bbd8", size = 609425, upload-time = "2025-11-20T21:20:24.739Z" }
wheels = [
    { url = "https://files.pythonhosted.org/packages/ce/88/f82fc7dbfe6dc4d1bb6e6dd99b48b5ad4df2acee56bb5e560203108a60a3/adafruit_blinka-8.68.0-py3-none-any.whl", hash = "sha256:6a1f60fa03312da0bcac9f282930d3a69e07486ef968d30a5f518ebe13a04e7a", size = 741725, upload-time = "2025-11-20T21:20:23.045Z" },
]

[[package]]
name = "adafruit-blinka-bleio"
version = "4.1.2"
source = { registry = "https://pypi.org/simple" }
dependencies = [
    { name = "adafruit-blinka" },
    { name = "bleak" },
]
sdist = { url = "https://files.pythonhosted.org/packages/d5/58/c955780ace5c7a98f6da44a0d54fbfa3d55a053927e635dd85977bc40e92/adafruit-blinka-bleio-4.1.2.tar.gz", hash = "sha256:4fb2bab1984a827e28e09e518d3e6777689566eb96d2d00ce14f596c10937fa3", size = 45807, upload-time = "2024-03-20T15:59:44.527Z" }
wheels = [
    { url = "https://files.pythonhosted.org/packages/97/05/b5fa1fcc4cc68bda4bd317cb60a826eef753d9ab8efcd2d28fbcc7d60dd2/adafruit_blinka_bleio-4.1.2-py3-none-any.whl", hash = "sha256:f4e21ed7072d05e86261c69b43c72b050c3d8b1b3297b6c71b36292ffbfc3275", size = 25390, upload-time = "2024-03-20T15:59:43.305Z" },
]

[[package]]
name = "adafruit-blinka-displayio"
version = "2.3.1"
source = { registry = "https://pypi.org/simple" }
dependencies = [
    { name = "adafruit-blinka" },
    { name = "adafruit-circuitpython-bitmap-font" },
    { name = "adafruit-circuitpython-typing" },
]
sdist = { url = "https://files.pythonhosted.org/packages/1f/55/4f19e17f26a09dab5612cd90fdff072d7d3ed997af5415c46bb80c9dabd6/adafruit_blinka_displayio-2.3.1.tar.gz", hash = "sha256:cef052c81d8e60f325e62c1bf06933b76c91336d900c3411899ba32d75735da1", size = 90013, upload-time = "2025-06-30T16:55:15.589Z" }
wheels = [
    { url = "https://files.pythonhosted.org/packages/94/15/78cdbdd80a3428d1bc181c69c9cace75b03b91cdcc7793270a6662245c50/adafruit_blinka_displayio-2.3.1-py3-none-any.whl", hash = "sha256:092c4740cfb6e068fcd2b6efd439f791f39b46e1ba86a9679bb1b8b943212b9a", size = 83402, upload-time = "2025-06-30T16:55:14.201Z" },
]

[[package]]
name = "adafruit-circuitpython-bitmap-font"
version = "2.3.2"
source = { registry = "https://pypi.org/simple" }
dependencies = [
    { name = "adafruit-blinka" },
    { name = "adafruit-blinka-displayio" },
]
sdist = { url = "https://files.pythonhosted.org/packages/be/9c/4a9aaaf1f4c3926c1fde00579caf03b9a6f732c458f83094ec16fade0da3/adafruit_circuitpython_bitmap_font-2.3.2.tar.gz", hash = "sha256:06dfd68355450cfae740dd655fa48e681f81bc2985549ff799fb8734d320d0f1", size = 843316, upload-time = "2025-10-20T20:37:31.059Z" }
wheels = [
    { url = "https://files.pythonhosted.org/packages/8f/9f/ddddc43a15953a040bac517cfc64d5b6bdf6cdc051de83b23f4f15c0f530/adafruit_circuitpython_bitmap_font-2.3.2-py3-none-any.whl", hash = "sha256:50aafa9fb363b28ffe3b865f49a6c8047c0c65e02aa883f58df0046d3339abc3", size = 15819, upload-time = "2025-10-20T20:37:29.792Z" },
]

[[package]]
name = "adafruit-circuitpython-ble"
version = "10.1.0"
source = { registry = "https://pypi.org/simple" }
dependencies = [
    { name = "adafruit-blinka" },
    { name = "adafruit-blinka-bleio" },
    { name = "adafruit-circuitpython-typing" },
    { name = "typing-extensions" },
]
sdist = { url = "https://files.pythonhosted.org/packages/a3/97/75a79ae96c1cc60b192d00a4b351d5be5afe9b8dd08db7a7f738ae784b8a/adafruit_circuitpython_ble-10.1.0.tar.gz", hash = "sha256:f53afdbb8b1ca16f1c4d47dd225b2d8428b740c56136f74b652eefb2dd50965a", size = 53431, upload-time = "2025-11-24T21:31:51.138Z" }
wheels = [
    { url = "https://files.pythonhosted.org/packages/bb/65/1628682264429d37a350a55ed244eae3671747a9b570d05efc471530ae31/adafruit_circuitpython_ble-10.1.0-py3-none-any.whl", hash = "sha256:24833d6adfac301c5fca643421d303166172b97cab8da8e6c6f4dd250eab9a2c", size = 37648, upload-time = "2025-11-24T21:31:49.928Z" },
]

[[package]]
name = "adafruit-circuitpython-bme280"
version = "2.6.30"
source = { registry = "https://pypi.org/simple" }
dependencies = [
    { name = "adafruit-blinka" },
    { name = "adafruit-circuitpython-busdevice" },
]
sdist = { url = "https://files.pythonhosted.org/packages/ed/7a/8f110abf4ebd08d2e6599381e8198ab049e19cee87f239f7ce115f4a1b42/adafruit_circuitpython_bme280-2.6.30.tar.gz", hash = "sha256:1d3c0c7497890ae6aad5b79f17287d73ea5df8c97fe5e1e38a5e7285b70c6050", size = 29935, upload-time = "2025-10-20T16:38:24.613Z" }
wheels = [
    { url = "https://files.pythonhosted.org/packages/32/2c/685d78875e171b2c47b2614e5efced90a67b659424acc5bc358e3006c86a/adafruit_circuitpython_bme280-2.6.30-py3-none-any.whl", hash = "sha256:37b4e75f1dfe4c2be5b02af9a520c861729287dc242764c268348f423fda0992", size = 12403, upload-time = "2025-10-20T16:38:23.601Z" },
]

[[package]]
name = "adafruit-circuitpython-busdevice"
version = "5.2.14"
source = { registry = "https://pypi.org/simple" }
dependencies = [
    { name = "adafruit-blinka" },
    { name = "adafruit-circuitpython-typing" },
]
sdist = { url = "https://files.pythonhosted.org/packages/99/70/2bb69cf3e79fc1bda7b111bcf9f90ff25ac705960eff6bd1375ffad754ff/adafruit_circuitpython_busdevice-5.2.14.tar.gz", hash = "sha256:377f4d9c6b7ac256a0c686fe3d88bb2d10873cec992ff7805c8719a474e92127", size = 24468, upload-time = "2025-10-20T20:37:13.497Z" }
wheels = [
    { url = "https://files.pythonhosted.org/packages/f6/50/3fe9da5d3a66a05130ee5db64b5451cd2973f7f5981f80a72ce349ea1bdc/adafruit_circuitpython_busdevice-5.2.14-py3-none-any.whl", hash = "sha256:e7d049a2dc6a3fc9245e154d66725efeb190a61e7d192fbc8f96f3b76fe1fc77", size = 7501, upload-time = "2025-10-20T20:37:12.675Z" },
]

[[package]]
name = "adafruit-circuitpython-connectionmanager"
version = "3.1.6"
source = { registry = "https://pypi.org/simple" }
dependencies = [
    { name = "adafruit-blinka" },
]
sdist = { url = "https://files.pythonhosted.org/packages/bc/82/69ca5ef604b0513a5f85a583d255b2d0c48042592842dfbc955b610cf3b6/adafruit_circuitpython_connectionmanager-3.1.6.tar.gz", hash = "sha256:daa41f7675533fbb451c0f522c894911dd003f67b26f0e7be832f2e240ba28b4", size = 33798, upload-time = "2025-10-20T20:38:47.369Z" }
wheels = [
    { url = "https://files.pythonhosted.org/packages/6e/9e/174bff10a4ff6f74973ee6da43e7b715b07e34426cf4e71d625a7f96e1e5/adafruit_circuitpython_connectionmanager-3.1.6-py3-none-any.whl", hash = "sha256:83c7eafa294fc6e889076d1ba8a7ff902e29d062977d3602078b1594868b7042", size = 7768, upload-time = "2025-10-20T20:38:45.959Z" },
]

[[package]]
name = "adafruit-circuitpython-display-text"
version = "3.3.4"
source = { registry = "https://pypi.org/simple" }
dependencies = [
    { name = "adafruit-blinka" },
    { name = "adafruit-blinka-displayio" },
    { name = "adafruit-circuitpython-bitmap-font" },
    { name = "adafruit-circuitpython-ticks" },
]
sdist = { url = "https://files.pythonhosted.org/packages/2b/20/88144e8b65a2d6017cda308812c2632f0091a8db8690ee7d600a60baf60f/adafruit_circuitpython_display_text-3.3.4.tar.gz", hash = "sha256:3eee9dbe9000adbda22c67b99cffe1374fd98ebcad8e444f1b05269752ebbc2b", size = 81839, upload-time = "2025-10-20T20:35:39.755Z" }
wheels = [
    { url = "https://files.pythonhosted.org/packages/f5/55/b8adf557224f6c4398aa6b85f2dfb2b63e6d952fd80ab478faa7a1e6b5c8/adafruit_circuitpython_display_text-3.3.4-py3-none-any.whl", hash = "sha256:957b9f523f550f2468a15c6d36dfccf38de9b7d31a1cdfc31a103f34bc3ef1e7", size = 25927, upload-time = "2025-10-20T20:35:38.244Z" },
]

[[package]]
name = "adafruit-circuitpython-displayio-ssd1306"
version = "3.0.4"
source = { registry = "https://pypi.org/simple" }
dependencies = [
    { name = "adafruit-blinka" },
    { name = "adafruit-blinka-displayio" },
]
sdist = { url = "https://files.pythonhosted.org/packages/3e/70/51139efe7db9ab21b76ca9c914181b06c1fd54ad68de5938837aae4839ec/adafruit_circuitpython_displayio_ssd1306-3.0.4.tar.gz", hash = "sha256:8190426f1601d27d7e37412a038e833bb8cb5567bdd6cb7dbe84cf6c18fde50c", size = 25735, upload-time = "2025-10-20T16:39:42.173Z" }
wheels = [
    { url = "https://files.pythonhosted.org/packages/52/7d/edafd9264933a74ee41caa5e98d5c13cd47a5d59bd2068f6156c81840137/adafruit_circuitpython_displayio_ssd1306-3.0.4-py3-none-any.whl", hash = "sha256:65d2f04368ff2f1a0710f2623c776eefe6e9f08374e442ce1bb4de69945c5a28", size = 6057, upload-time = "2025-10-20T16:39:41.177Z" },
]

[[package]]
name = "adafruit-circuitpython-requests"
version = "4.1.15"
source = { registry = "https://pypi.org/simple" }
dependencies = [
    { name = "adafruit-blinka" },
    { name = "adafruit-circuitpython-connectionmanager" },
]
sdist = { url = "https://files.pythonhosted.org/packages/f5/ae/ec54c3e224a012d620997604fdd6abdbff1b945df3b4aef43d780fd1d5c3/adafruit_circuitpython_requests-4.1.15.tar.gz", hash = "sha256:409cb1c9304a0ce0a4b2f64d572400007849f6972f92a4b08ebfe35a532761e7", size = 67841, upload-time = "2025-11-03T21:32:59.201Z" }
wheels = [
    { url = "https://files.pythonhosted.org/packages/14/58/76a9805ff64d84a39463ac6eeb9c780becfc8ff58a93c5ace9244d56e442/adafruit_circuitpython_requests-4.1.15-py3-none-any.whl", hash = "sha256:62c6e44d23e8dfdc24f1f33464953019a9d88853b29fa471ac00200d4fa3e8ff", size = 10882, upload-time = "2025-11-03T21:32:57.915Z" },
]

[[package]]
name = "adafruit-circuitpython-ticks"
version = "1.1.5"
source = { registry = "https://pypi.org/simple" }
dependencies = [
    { name = "adafruit-blinka" },
]
sdist = { url = "https://files.pythonhosted.org/packages/c3/97/04f9604ddebe82e08a5a3aa69540a0de3733bbb504db5733f053e10eee78/adafruit_circuitpython_ticks-1.1.5.tar.gz", hash = "sha256:7e7524c50675cb45c8b055716551d4e914f855cff96eb248c7759d721d13867d", size = 23254, upload-time = "2025-10-20T20:47:03.897Z" }
wheels = [
    { url = "https://files.pythonhosted.org/packages/66/1c/671fd6e3e1b04ab6966a6cd83c0fcf13663cc1b1b8c0a304337015a31223/adafruit_circuitpython_ticks-1.1.5-py3-none-any.whl", hash = "sha256:8c1fa227beb96aa659b20859a63c0e736022d10f7d25160d2f44f5284eb9fab4", size = 5413, upload-time = "2025-10-20T20:47:02.178Z" },
]

[[package]]
name = "adafruit-circuitpython-typing"
version = "1.12.3"
source = { registry = "https://pypi.org/simple" }
dependencies = [
    { name = "adafruit-blinka" },
    { name = "adafruit-circuitpython-busdevice" },
    { name = "adafruit-circuitpython-requests" },
    { name = "typing-extensions" },
]
sdist = { url = "https://files.pythonhosted.org/packages/65/a2/40a3440aed2375371507af668570b68523ee01db9c25c47ce5a05883170e/adafruit_circuitpython_typing-1.12.3.tar.gz", hash = "sha256:63f196f834e47842bcd4cf8c37aaa0c61e1aeb5d07f056c875fc3016cda91a12", size = 25603, upload-time = "2025-10-27T18:17:38.56Z" }
wheels = [
    { url = "https://files.pythonhosted.org/packages/cc/a1/578a03ba2bce0809b4e30974b47958963c9efe67b9fe74e7dbcdbbd45318/adafruit_circuitpython_typing-1.12.3-py3-none-any.whl", hash = "sha256:f6d0a02150e1e4efb5a2c2945b88d948809fdb465875f39947108b8467c986d9", size = 11014, upload-time = "2025-10-27T18:17:37.771Z" },
]

[[package]]
name = "adafruit-platformdetect"
version = "3.85.0"
source = { registry = "https://pypi.org/simple" }
sdist = { url = "https://files.pythonhosted.org/packages/8a/b5/c454d998188ea45898ada67dd302da4f138b7fc41f9c31f7aaf8b7a28cf7/adafruit_platformdetect-3.85.0.tar.gz", hash = "sha256:58350aa93dd166c4b67ba3c947b07a2d7320d14e65b92e5873fdf64d03e3f93d", size = 49223, upload-time = "2025-11-20T21:18:19.961Z" }
wheels = [
    { url = "https://files.pythonhosted.org/packages/10/f2/f6e18704dad5a90f8c67cbe8c9436348a58916de3d640237908963316171/adafruit_platformdetect-3.85.0-py3-none-any.whl", hash = "sha256:eebf86b15a7f7a5dfdb811ee0f124a0e3bb0af900f0a900728ed7dedffe1af5d", size = 26669, upload-time = "2025-11-20T21:18:18.877Z" },
]

[[package]]
name = "adafruit-pureio"
version = "1.1.11"
source = { registry = "https://pypi.org/simple" }
sdist = { url = "https://files.pythonhosted.org/packages/e5/b7/f1672435116822079bbdab42163f9e6424769b7db778873d95d18c085230/Adafruit_PureIO-1.1.11.tar.gz", hash = "sha256:c4cfbb365731942d1f1092a116f47dfdae0aef18c5b27f1072b5824ad5ea8c7c", size = 35511, upload-time = "2023-05-25T19:01:34.654Z" }
wheels = [
    { url = "https://files.pythonhosted.org/packages/19/9d/28e9d12f36e13c5f2acba3098187b0e931290ecd1d8df924391b5ad2db19/Adafruit_PureIO-1.1.11-py3-none-any.whl", hash = "sha256:281ab2099372cc0decc26326918996cbf21b8eed694ec4764d51eefa029d324e", size = 10678, upload-time = "2023-05-25T19:01:32.397Z" },
]

[[package]]
name = "binho-host-adapter"
version = "0.1.6"
source = { registry = "https://pypi.org/simple" }
dependencies = [
    { name = "pyserial" },
]
sdist = { url = "https://files.pythonhosted.org/packages/68/36/29b7b896e83e195fac6d64ccff95c0f24a18ee86e7437a22e60e0331d90a/binho-host-adapter-0.1.6.tar.gz", hash = "sha256:1e6da7a84e208c13b5f489066f05774bff1d593d0f5bf1ca149c2b8e83eae856", size = 10068, upload-time = "2020-06-04T19:38:11.789Z" }
wheels = [
    { url = "https://files.pythonhosted.org/packages/7b/6b/0f13486003aea3eb349c2946b7ec9753e7558b78e35d22c938062a96959c/binho_host_adapter-0.1.6-py3-none-any.whl", hash = "sha256:f71ca176c1e2fc1a5dce128beb286da217555c6c7c805f2ed282a6f3507ec277", size = 10540, upload-time = "2020-06-04T19:38:10.612Z" },
]

[[package]]
name = "bleak"
version = "0.22.3"
source = { registry = "https://pypi.org/simple" }
dependencies = [
    { name = "dbus-fast", marker = "sys_platform == 'linux'" },
    { name = "pyobjc-core", marker = "sys_platform == 'darwin'" },
    { name = "pyobjc-framework-corebluetooth", marker = "sys_platform == 'darwin'" },
    { name = "pyobjc-framework-libdispatch", marker = "sys_platform == 'darwin'" },
    { name = "winrt-runtime", marker = "sys_platform == 'win32'" },
    { name = "winrt-windows-devices-bluetooth", marker = "sys_platform == 'win32'" },
    { name = "winrt-windows-devices-bluetooth-advertisement", marker = "sys_platform == 'win32'" },
    { name = "winrt-windows-devices-bluetooth-genericattributeprofile", marker = "sys_platform == 'win32'" },
    { name = "winrt-windows-devices-enumeration", marker = "sys_platform == 'win32'" },
    { name = "winrt-windows-foundation", marker = "sys_platform == 'win32'" },
    { name = "winrt-windows-foundation-collections", marker = "sys_platform == 'win32'" },
    { name = "winrt-windows-storage-streams", marker = "sys_platform == 'win32'" },
]
sdist = { url = "https://files.pythonhosted.org/packages/fb/96/15750b50c0018338e2cce30de939130971ebfdf4f9d6d56c960f5657daad/bleak-0.22.3.tar.gz", hash = "sha256:3149c3c19657e457727aa53d9d6aeb89658495822cd240afd8aeca4dd09c045c", size = 122339, upload-time = "2024-10-05T21:21:00.661Z" }
wheels = [
    { url = "https://files.pythonhosted.org/packages/0a/ce/3adf9e742bb22e4a4b3435f24111cb46a1d12731ba655ee00bb5ab0308cc/bleak-0.22.3-py3-none-any.whl", hash = "sha256:1e62a9f5e0c184826e6c906e341d8aca53793e4596eeaf4e0b191e7aca5c461c", size = 142719, upload-time = "2024-10-05T21:20:58.547Z" },
]

[[package]]
name = "board"
version = "0.1.0"
source = { virtual = "." }
dependencies = [
    { name = "adafruit-circuitpython-ble" },
    { name = "adafruit-circuitpython-bme280" },
    { name = "adafruit-circuitpython-display-text" },
    { name = "adafruit-circuitpython-displayio-ssd1306" },
    { name = "circuitpython-stubs" },
]

[package.metadata]
requires-dist = [
    { name = "adafruit-circuitpython-ble", specifier = ">=10.1.0" },
    { name = "adafruit-circuitpython-bme280", specifier = ">=2.6.30" },
    { name = "adafruit-circuitpython-display-text", specifier = ">=3.3.4" },
    { name = "adafruit-circuitpython-displayio-ssd1306", specifier = ">=3.0.4" },
    { name = "circuitpython-stubs", specifier = ">=10.0.3" },
]

[[package]]
name = "circuitpython-stubs"
version = "10.0.3"
source = { registry = "https://pypi.org/simple" }
sdist = { url = "https://files.pythonhosted.org/packages/ef/0b/b532c975a2bd24fbb55065e13fdd8dde00c4a6b99e35533b0a19e6567e1c/circuitpython_stubs-10.0.3.tar.gz", hash = "sha256:0319d7b328add88d1a37d3fe95291fbb9ad1343c570cf7061724b49d63ef1cb8", size = 364254, upload-time = "2025-10-17T20:25:53.276Z" }
wheels = [
    { url = "https://files.pythonhosted.org/packages/45/7b/26c95cc8592a810bb41d8c2b42c5588b28dbafe167a390e9641a838d7734/circuitpython_stubs-10.0.3-py3-none-any.whl", hash = "sha256:cf7ac3bd1c3e7853785cb79ac848f30fc3f35f44bac6feccfbfc79a07f23c015", size = 1048078, upload-time = "2025-10-17T20:25:51.491Z" },
]

[[package]]
name = "dbus-fast"
version = "2.46.4"
source = { registry = "https://pypi.org/simple" }
sdist = { url = "https://files.pythonhosted.org/packages/11/d1/57018d5658244b1207827cb40a9d129bce16139fbc7255e76b025875f874/dbus_fast-2.46.4.tar.gz", hash = "sha256:7c1f0c6fbb04d51c87fd05f54e4538176a66bb35a8cfdca642904491dfd35e00", size = 72754, upload-time = "2025-11-16T18:50:16.03Z" }
wheels = [
    { url = "https://files.pythonhosted.org/packages/70/4f/b2af89f9c66bf09f9080d612336dfd3024085d0145dfb4a1416bc09a5a25/dbus_fast-2.46.4-cp313-cp313-manylinux2014_aarch64.manylinux_2_17_aarch64.manylinux_2_28_aarch64.whl", hash = "sha256:0da0d799b88330b419cca2ea32398264a11cf575f26ee8cca9cd87298e8cb7cd", size = 768079, upload-time = "2025-11-16T18:58:51.798Z" },
    { url = "https://files.pythonhosted.org/packages/22/8b/6b0bdc2f4c9d585c1deda337b8f5111cfe41425b13a0ffb61152edd58fbc/dbus_fast-2.46.4-cp313-cp313-manylinux2014_x86_64.manylinux_2_17_x86_64.manylinux_2_28_x86_64.whl", hash = "sha256:0cc59b9d6ee59ab58d8cdc58f19a4e5ad6451392d215933eedd4482925e8ecf1", size = 815499, upload-time = "2025-11-16T18:58:53.572Z" },
    { url = "https://files.pythonhosted.org/packages/5f/1a/79376b6f8a297dcc51dfbb0ef9d20fe89a95be67c2b3bc33e7b99ef4818d/dbus_fast-2.46.4-cp313-cp313-manylinux_2_36_x86_64.whl", hash = "sha256:c06e257db95f032eb27a1c6441036726cb5d0b966343a19d1e7a060d5aefbaad", size = 792611, upload-time = "2025-11-16T18:50:14.345Z" },
    { url = "https://files.pythonhosted.org/packages/76/6f/01fb5796216917b16b0644c3ee8dca61426ff6aaf459be6a8f41821000a9/dbus_fast-2.46.4-cp313-cp313-musllinux_1_2_aarch64.whl", hash = "sha256:3ac31600cdf6bb8daac02299ae70e7f9db241e1f2e19d906d25141b3bdb64221", size = 773925, upload-time = "2025-11-16T18:58:55.105Z" },
    { url = "https://files.pythonhosted.org/packages/47/f5/88425f2f626f6ebaeca3948a97ba8ebced79b442b03313ce725e2cb68953/dbus_fast-2.46.4-cp313-cp313-musllinux_1_2_x86_64.whl", hash = "sha256:153ee85ee8fc7a80bdcefe0f6d205148a701750d9faa9191379ab655e9f6023e", size = 824776, upload-time = "2025-11-16T18:58:56.913Z" },
    { url = "https://files.pythonhosted.org/packages/2d/76/1e6837c3a43c09f62d578e9bf604019b949ddc5b47a1ffe4cd675a7b8512/dbus_fast-2.46.4-cp314-cp314-manylinux2014_aarch64.manylinux_2_17_aarch64.manylinux_2_28_aarch64.whl", hash = "sha256:8eb9dfa6dc15a814c3f134e407211de3e2b75baa7d129ca3e1be64acd3fa0121", size = 781451, upload-time = "2025-11-16T18:59:00.108Z" },
    { url = "https://files.pythonhosted.org/packages/c7/64/78adf7f0c4539a9db85d145a87c6895294ad094c94e9062404f9883d98de/dbus_fast-2.46.4-cp314-cp314-manylinux2014_x86_64.manylinux_2_17_x86_64.manylinux_2_28_x86_64.whl", hash = "sha256:018c7d878857599e3478c56575aa2ed9ff52eb7a88c5118685db8e033b3916e9", size = 821866, upload-time = "2025-11-16T18:59:01.537Z" },
    { url = "https://files.pythonhosted.org/packages/18/ce/3ed44e75dd27b920dfe687a8af0d1a45deedd99a8bf15aa8e1744cdeb777/dbus_fast-2.46.4-cp314-cp314-musllinux_1_2_aarch64.whl", hash = "sha256:d819ad4193d538308e775ed2a9ed1f56121c8135fe0d4101a72c9eb639aa0f5f", size = 787819, upload-time = "2025-11-16T18:59:03.475Z" },
    { url = "https://files.pythonhosted.org/packages/35/50/df213eb4dbd6a4e2d0d39ff6da58982bfce84db0bb29f6eecc4a49c75456/dbus_fast-2.46.4-cp314-cp314-musllinux_1_2_x86_64.whl", hash = "sha256:5b70d88930be35a07a7fe838e41d608eb6a84c45506e2b9cf467ae70f2083f75", size = 829209, upload-time = "2025-11-16T18:59:05.046Z" },
    { url = "https://files.pythonhosted.org/packages/cb/ed/9ec6b9e14c3da26ab7e1684028f4dc49ea234466f73bb4e4147b3935487e/dbus_fast-2.46.4-cp314-cp314t-manylinux2014_aarch64.manylinux_2_17_aarch64.manylinux_2_28_aarch64.whl", hash = "sha256:c4ad88a3337add1230af5c15fd1dbde1ee23ff0207f8ecca13b3c0a60f2ef109", size = 1488885, upload-time = "2025-11-16T18:59:08.095Z" },
    { url = "https://files.pythonhosted.org/packages/8a/29/59d318053734a8ec33e169687005e3c296b866d5be5bc678cb49e296b941/dbus_fast-2.46.4-cp314-cp314t-manylinux2014_x86_64.manylinux_2_17_x86_64.manylinux_2_28_x86_64.whl", hash = "sha256:bb209ac6aa69715383b84e720119173f5b4450cf47214a38aea4007c9461c1e9", size = 1561564, upload-time = "2025-11-16T18:59:10.067Z" },
    { url = "https://files.pythonhosted.org/packages/98/be/0b3f683abf5f2f985b1aba6cd302c7b874773ad314db896d168a06ac65e6/dbus_fast-2.46.4-cp314-cp314t-musllinux_1_2_aarch64.whl", hash = "sha256:52094d593d40c4ddc1e23db839caa088bf9c16f1960325a524244263e1bda2d5", size = 1502476, upload-time = "2025-11-16T18:59:11.591Z" },
    { url = "https://files.pythonhosted.org/packages/dd/26/7e44a0fb5c2c22a448e3d9011997c87bacea970ba83240f3a21686912da6/dbus_fast-2.46.4-cp314-cp314t-musllinux_1_2_x86_64.whl", hash = "sha256:c7c247915211c1aa0698dd2ecbef8e4b4d8429dffe29333bf9c6e1899783bfc7", size = 1579321, upload-time = "2025-11-16T18:59:13.201Z" },
]

[[package]]
name = "pyftdi"
version = "0.57.1"
source = { registry = "https://pypi.org/simple" }
dependencies = [
    { name = "pyserial" },
    { name = "pyusb" },
]
wheels = [
    { url = "https://files.pythonhosted.org/packages/16/cd/0731490946e037e954ef83719f07c7672cf32bc90dd9c75201c40b827664/pyftdi-0.57.1-py3-none-any.whl", hash = "sha256:efd3f5a7d43202dc883ff261a7b1cb4dcbbe65b19628f8603a8b1183a7bc2841", size = 146180, upload-time = "2025-08-14T15:59:16.164Z" },
]

[[package]]
name = "pyobjc-core"
version = "10.3.2"
source = { registry = "https://pypi.org/simple" }
sdist = { url = "https://files.pythonhosted.org/packages/5d/07/2b3d63c0349fe4cf34d787a52a22faa156225808db2d1531fe58fabd779d/pyobjc_core-10.3.2.tar.gz", hash = "sha256:dbf1475d864ce594288ce03e94e3a98dc7f0e4639971eb1e312bdf6661c21e0e", size = 935182, upload-time = "2024-11-30T15:24:44.294Z" }
wheels = [
    { url = "https://files.pythonhosted.org/packages/08/27/e7b8240c116cd8231ac33daaf982e36f77be33cf5448bbc568ce17371a79/pyobjc_core-10.3.2-cp313-cp313-macosx_10_13_universal2.whl", hash = "sha256:76b8b911d94501dac89821df349b1860bb770dce102a1a293f524b5b09dd9462", size = 827885, upload-time = "2024-11-30T12:50:41.942Z" },
    { url = "https://files.pythonhosted.org/packages/de/a3/897cc31fca822a4df4ece31e4369dd9eae35bcb0b535fc9c7c21924268ba/pyobjc_core-10.3.2-cp313-cp313t-macosx_10_13_universal2.whl", hash = "sha256:8c6288fdb210b64115760a4504efbc4daffdc390d309e9318eb0e3e3b78d2828", size = 837794, upload-time = "2024-11-30T12:51:05.748Z" },
]

[[package]]
name = "pyobjc-framework-cocoa"
version = "10.3.2"
source = { registry = "https://pypi.org/simple" }
dependencies = [
    { name = "pyobjc-core" },
]
sdist = { url = "https://files.pythonhosted.org/packages/39/41/4f09a5e9a6769b4dafb293ea597ed693cc0def0e07867ad0a42664f530b6/pyobjc_framework_cocoa-10.3.2.tar.gz", hash = "sha256:673968e5435845bef969bfe374f31a1a6dc660c98608d2b84d5cae6eafa5c39d", size = 4942530, upload-time = "2024-11-30T15:30:27.244Z" }
wheels = [
    { url = "https://files.pythonhosted.org/packages/4e/c4/bccb4c05422170c0afccf6ebbdcc7551f7ddd03d2f7a65498d02cb179993/pyobjc_framework_Cocoa-10.3.2-cp313-cp313-macosx_10_13_universal2.whl", hash = "sha256:f1161b5713f9b9934c12649d73a6749617172e240f9431eff9e22175262fdfda", size = 381878, upload-time = "2024-11-30T13:18:26.24Z" },
    { url = "https://files.pythonhosted.org/packages/25/ec/68657a633512edb84ecb1ff47a067a81028d6f027aa923e806400d2f8a26/pyobjc_framework_Cocoa-10.3.2-cp313-cp313t-macosx_10_13_universal2.whl", hash = "sha256:08e48b9ee4eb393447b2b781d16663b954bd10a26927df74f92e924c05568d89", size = 384925, upload-time = "2024-11-30T13:18:28.171Z" },
]

[[package]]
name = "pyobjc-framework-corebluetooth"
version = "10.3.2"
source = { registry = "https://pypi.org/simple" }
dependencies = [
    { name = "pyobjc-core" },
    { name = "pyobjc-framework-cocoa" },
]
sdist = { url = "https://files.pythonhosted.org/packages/13/ca/35d205c3e153e7bc59a417560a45e27a2410439e6f78390f97c1a996c922/pyobjc_framework_corebluetooth-10.3.2.tar.gz", hash = "sha256:c0a077bc3a2466271efa382c1e024630bc43cc6f9ab8f3f97431ad08b1ad52bb", size = 50622, upload-time = "2024-11-30T15:32:18.741Z" }
wheels = [
    { url = "https://files.pythonhosted.org/packages/b8/74/9bfaa9af79d9ff51489c796775fe5715d67adae06b612f3ee776017bb24b/pyobjc_framework_CoreBluetooth-10.3.2-cp313-cp313t-macosx_10_13_universal2.whl", hash = "sha256:af3e2f935a6a7e5b009b4cf63c64899592a7b46c3ddcbc8f2e28848842ef65f4", size = 14095, upload-time = "2024-11-30T13:26:56.735Z" },
    { url = "https://files.pythonhosted.org/packages/f7/b0/9006d9d6cc5780fc190629ff42d8825fe7737dbe2077fbaae38813f0242e/pyobjc_framework_CoreBluetooth-10.3.2-cp36-abi3-macosx_10_13_universal2.whl", hash = "sha256:973b78f47c7e2209a475e60bcc7d1b4a87be6645d39b4e8290ee82640e1cc364", size = 13891, upload-time = "2024-11-30T13:26:57.745Z" },
    { url = "https://files.pythonhosted.org/packages/02/dd/b415258a86495c23962005bab11604562828dd183a009d04a82bc1f3a816/pyobjc_framework_CoreBluetooth-10.3.2-cp36-abi3-macosx_10_9_universal2.whl", hash = "sha256:4bafdf1be15eae48a4878dbbf1bf19877ce28cbbba5baa0267a9564719ee736e", size = 13843, upload-time = "2024-11-30T13:26:59.305Z" },
    { url = "https://files.pythonhosted.org/packages/c4/7d/d8a340f3ca0862969a02c6fe053902388e45966040b41d7e023b9dcf97c8/pyobjc_framework_CoreBluetooth-10.3.2-cp36-abi3-macosx_10_9_x86_64.whl", hash = "sha256:4d7dc7494de66c850bda7b173579df7481dc97046fa229d480fe9bf90b2b9651", size = 10082, upload-time = "2024-11-30T13:27:00.785Z" },
    { url = "https://files.pythonhosted.org/packages/e9/10/d9554ce442269a3c25d9bed9d8a5ffdc1fb5ab71b74bc52749a5f26a96c7/pyobjc_framework_CoreBluetooth-10.3.2-cp36-abi3-macosx_11_0_universal2.whl", hash = "sha256:62e09e730f4d98384f1b6d44718812195602b3c82d5c78e09f60e8a934e7b266", size = 13815, upload-time = "2024-11-30T13:27:01.628Z" },
]

[[package]]
name = "pyobjc-framework-libdispatch"
version = "10.3.2"
source = { registry = "https://pypi.org/simple" }
dependencies = [
    { name = "pyobjc-core" },
    { name = "pyobjc-framework-cocoa" },
]
sdist = { url = "https://files.pythonhosted.org/packages/4d/12/a908f3f94952c8c9e3d6e6bd425613a79692e7d400557ede047992439edc/pyobjc_framework_libdispatch-10.3.2.tar.gz", hash = "sha256:e9f4311fbf8df602852557a98d2a64f37a9d363acf4d75634120251bbc7b7304", size = 45132, upload-time = "2024-11-30T17:09:47.135Z" }
wheels = [
    { url = "https://files.pythonhosted.org/packages/86/cc/ff00f7d2e1774e8bbab4da59793f094bdf97c9f0d178f6ace29a89413082/pyobjc_framework_libdispatch-10.3.2-cp313-cp313-macosx_10_13_universal2.whl", hash = "sha256:1357729d5fded08fbf746834ebeef27bee07d6acb991f3b8366e8f4319d882c4", size = 15576, upload-time = "2024-11-30T15:22:01.505Z" },
    { url = "https://files.pythonhosted.org/packages/6b/27/530cd12bdc16938a85436ac5a81dccd85b35bac5e42144e623b69b052b76/pyobjc_framework_libdispatch-10.3.2-cp313-cp313t-macosx_10_13_universal2.whl", hash = "sha256:210398f9e1815ceeff49b578bf51c2d6a4a30d4c33f573da322f3d7da1add121", size = 15854, upload-time = "2024-11-30T15:22:02.457Z" },
]

[[package]]
name = "pyserial"
version = "3.5"
source = { registry = "https://pypi.org/simple" }
sdist = { url = "https://files.pythonhosted.org/packages/1e/7d/ae3f0a63f41e4d2f6cb66a5b57197850f919f59e558159a4dd3a818f5082/pyserial-3.5.tar.gz", hash = "sha256:3c77e014170dfffbd816e6ffc205e9842efb10be9f58ec16d3e8675b4925cddb", size = 159125, upload-time = "2020-11-23T03:59:15.045Z" }
wheels = [
    { url = "https://files.pythonhosted.org/packages/07/bc/587a445451b253b285629263eb51c2d8e9bcea4fc97826266d186f96f558/pyserial-3.5-py2.py3-none-any.whl", hash = "sha256:c4451db6ba391ca6ca299fb3ec7bae67a5c55dde170964c7a14ceefec02f2cf0", size = 90585, upload-time = "2020-11-23T03:59:13.41Z" },
]

[[package]]
name = "pyusb"
version = "1.3.1"
source = { registry = "https://pypi.org/simple" }
sdist = { url = "https://files.pythonhosted.org/packages/00/6b/ce3727395e52b7b76dfcf0c665e37d223b680b9becc60710d4bc08b7b7cb/pyusb-1.3.1.tar.gz", hash = "sha256:3af070b607467c1c164f49d5b0caabe8ac78dbed9298d703a8dbf9df4052d17e", size = 77281, upload-time = "2025-01-08T23:45:01.866Z" }
wheels = [
    { url = "https://files.pythonhosted.org/packages/28/b8/27e6312e86408a44fe16bd28ee12dd98608b39f7e7e57884a24e8f29b573/pyusb-1.3.1-py3-none-any.whl", hash = "sha256:bf9b754557af4717fe80c2b07cc2b923a9151f5c08d17bdb5345dac09d6a0430", size = 58465, upload-time = "2025-01-08T23:45:00.029Z" },
]

[[package]]
name = "sysv-ipc"
version = "1.1.0"
source = { registry = "https://pypi.org/simple" }
sdist = { url = "https://files.pythonhosted.org/packages/0c/d7/5d2f861155e9749f981e6c58f2a482d3ab458bf8c35ae24d4b4d5899ebf9/sysv_ipc-1.1.0.tar.gz", hash = "sha256:0f063cbd36ec232032e425769ebc871f195a7d183b9af32f9901589ea7129ac3", size = 99448, upload-time = "2021-01-17T19:07:44.217Z" }

[[package]]
name = "typing-extensions"
version = "4.0.1"
source = { registry = "https://pypi.org/simple" }
sdist = { url = "https://files.pythonhosted.org/packages/0d/4a/60ba3706797b878016f16edc5fbaf1e222109e38d0fa4d7d9312cb53f8dd/typing_extensions-4.0.1.tar.gz", hash = "sha256:4ca091dea149f945ec56afb48dae714f21e8692ef22a395223bcd328961b6a0e", size = 22706, upload-time = "2021-12-01T01:45:39.576Z" }
wheels = [
    { url = "https://files.pythonhosted.org/packages/05/e4/baf0031e39cf545f0c9edd5b1a2ea12609b7fcba2d58e118b11753d68cf0/typing_extensions-4.0.1-py3-none-any.whl", hash = "sha256:7f001e5ac290a0c0401508864c7ec868be4e701886d5b573a9528ed3973d9d3b", size = 22816, upload-time = "2021-12-01T01:45:37.772Z" },
]

[[package]]
name = "winrt-runtime"
version = "2.3.0"
source = { registry = "https://pypi.org/simple" }
sdist = { url = "https://files.pythonhosted.org/packages/ea/1e/20fd4bc1b42dca97ebde8bd5746084e538e2911feaad923370893091ac0f/winrt_runtime-2.3.0.tar.gz", hash = "sha256:bb895a2b8c74b375781302215e2661914369c625aa1f8df84f8d37691b22db77", size = 15503, upload-time = "2024-10-20T04:14:40.257Z" }
wheels = [
    { url = "https://files.pythonhosted.org/packages/08/c2/87551e0ec1796812396e1065e04cbf303557d8e4820c5eb53d707fa1ca62/winrt_runtime-2.3.0-cp313-cp313-win32.whl", hash = "sha256:77f06df6b7a6cb536913ae455e30c1733d31d88dafe2c3cd8c3d0e2bcf7e2a20", size = 183255, upload-time = "2024-10-20T04:13:34.687Z" },
    { url = "https://files.pythonhosted.org/packages/d5/12/cd01c5825affcace2590ab6b771baf17a5f1289939fd5cabd317be501eb2/winrt_runtime-2.3.0-cp313-cp313-win_amd64.whl", hash = "sha256:7388774b74ea2f4510ab3a98c95af296665ebe69d9d7e2fd7ee2c3fc5856099e", size = 213404, upload-time = "2024-10-20T04:13:35.864Z" },
    { url = "https://files.pythonhosted.org/packages/c2/52/4b5bb8f46703efe650a021240d94d80d75eea98b3a4f817640f73b93b1c8/winrt_runtime-2.3.0-cp313-cp313-win_arm64.whl", hash = "sha256:0d3a4ac7661cad492d51653054e63328b940a6083c1ee1dd977f90069cb8afaa", size = 390639, upload-time = "2024-10-20T04:13:37.705Z" },
]

[[package]]
name = "winrt-windows-devices-bluetooth"
version = "2.3.0"
source = { registry = "https://pypi.org/simple" }
dependencies = [
    { name = "winrt-runtime" },
]
sdist = { url = "https://files.pythonhosted.org/packages/c7/3a/64b2b8efe27fe4acb3a2da03a6687a2414d1c97465f212a3337415ca42ad/winrt_windows_devices_bluetooth-2.3.0.tar.gz", hash = "sha256:a1204b71c369a0399ec15d9a7b7c67990dd74504e486b839bf81825bd381a837", size = 21092, upload-time = "2024-10-20T04:15:34.033Z" }
wheels = [
    { url = "https://files.pythonhosted.org/packages/c6/dd/367a516ae820dcf398d7856dcde845ad604a689d4a67c0e97709e68f3757/winrt_Windows.Devices.Bluetooth-2.3.0-cp313-cp313-win32.whl", hash = "sha256:82f443be43379d4762e72633047c82843c873b6f26428a18855ca7b53e1958d7", size = 92448, upload-time = "2024-10-20T02:56:08.331Z" },
    { url = "https://files.pythonhosted.org/packages/08/43/03356e20aa78aabc3581f979c36c3fa513f706a28896e51f6508fa6ce08d/winrt_Windows.Devices.Bluetooth-2.3.0-cp313-cp313-win_amd64.whl", hash = "sha256:8b407da87ab52315c2d562a75d824dcafcae6e1628031cdb971072a47eb78ff0", size = 104502, upload-time = "2024-10-20T02:56:09.452Z" },
    { url = "https://files.pythonhosted.org/packages/31/f0/7eb956b2f3e7a8886d3f94a2d430e96091f4897bd38ba449c2c11fa84b06/winrt_Windows.Devices.Bluetooth-2.3.0-cp313-cp313-win_arm64.whl", hash = "sha256:e36d0b487bc5b64662b8470085edf8bfa5a220d7afc4f2e8d7faa3e3ac2bae80", size = 95208, upload-time = "2024-10-20T02:56:10.528Z" },
]

[[package]]
name = "winrt-windows-devices-bluetooth-advertisement"
version = "2.3.0"
source = { registry = "https://pypi.org/simple" }
dependencies = [
    { name = "winrt-runtime" },
]
sdist = { url = "https://files.pythonhosted.org/packages/b4/9f/0f7393800a7d5907f0935a8c088937ca0d3eb3f131d8173e81a94f6a76ed/winrt_windows_devices_bluetooth_advertisement-2.3.0.tar.gz", hash = "sha256:c8adbec690b765ca70337c35efec9910b0937a40a0a242184ea295367137f81c", size = 13686, upload-time = "2024-10-20T04:15:34.834Z" }
wheels = [
    { url = "https://files.pythonhosted.org/packages/68/84/3e596881e9cf42dc43d45d52e4ee90163b671030b89bee11485cfc3cf311/winrt_Windows.Devices.Bluetooth.Advertisement-2.3.0-cp313-cp313-win32.whl", hash = "sha256:ac1e55a350881f82cb51e162cb7a4b5d9359e9e5fbde922de802404a951d64ec", size = 76808, upload-time = "2024-10-20T02:56:26.091Z" },
    { url = "https://files.pythonhosted.org/packages/6f/07/2a9408efdc48e27bfae721d9413477fa893c73a6ddea9ee9a944150012f2/winrt_Windows.Devices.Bluetooth.Advertisement-2.3.0-cp313-cp313-win_amd64.whl", hash = "sha256:0fc339340fb8be21c1c829816a49dc31b986c6d602d113d4a49ee8ffaf0e2396", size = 83798, upload-time = "2024-10-20T02:56:27.066Z" },
    { url = "https://files.pythonhosted.org/packages/e5/01/aa3f75a1b18465522c7d679f840cefe487ed5e1064f8478f20451d2621f4/winrt_Windows.Devices.Bluetooth.Advertisement-2.3.0-cp313-cp313-win_arm64.whl", hash = "sha256:da63d9c56edcb3b2d5135e65cc8c9c4658344dd480a8a2daf45beb2106f17874", size = 78911, upload-time = "2024-10-20T02:56:28.04Z" },
]

[[package]]
name = "winrt-windows-devices-bluetooth-genericattributeprofile"
version = "2.3.0"
source = { registry = "https://pypi.org/simple" }
dependencies = [
    { name = "winrt-runtime" },
]
sdist = { url = "https://files.pythonhosted.org/packages/56/99/f1b517fc04244728eebf5f16c70d181ccc32e70e9a1655c7460ccd18755e/winrt_windows_devices_bluetooth_genericattributeprofile-2.3.0.tar.gz", hash = "sha256:f40f94bf2f7243848dc10e39cfde76c9044727a05e7e5dfb8cb7f062f3fd3dda", size = 33686, upload-time = "2024-10-20T04:15:36.29Z" }
wheels = [
    { url = "https://files.pythonhosted.org/packages/ff/84/5dcec574261d1594b821ed14f161788e87e8268ca9e974959a89726846c3/winrt_Windows.Devices.Bluetooth.GenericAttributeProfile-2.3.0-cp313-cp313-win32.whl", hash = "sha256:f414f793767ccc56d055b1c74830efb51fa4cbdc9163847b1a38b1ee35778f49", size = 160415, upload-time = "2024-10-20T02:56:57.583Z" },
    { url = "https://files.pythonhosted.org/packages/3c/0f/94019f58b293dcd2f5ea27cce710c55909b9c7b9f13664a6248b7369f201/winrt_Windows.Devices.Bluetooth.GenericAttributeProfile-2.3.0-cp313-cp313-win_amd64.whl", hash = "sha256:8ef35d9cda5bbdcc55aa7eaf143ab873227d6ee467aaf28edbd2428f229e7c94", size = 179634, upload-time = "2024-10-20T02:56:58.76Z" },
    { url = "https://files.pythonhosted.org/packages/c9/b1/d124bb30ff50de76e453beefabb75a7509c86054e00024e4163c3e1555db/winrt_Windows.Devices.Bluetooth.GenericAttributeProfile-2.3.0-cp313-cp313-win_arm64.whl", hash = "sha256:6a9e7308ba264175c2a9ee31f6cf1d647cb35ee9a1da7350793d8fe033a6b9b8", size = 166849, upload-time = "2024-10-20T02:56:59.883Z" },
]

[[package]]
name = "winrt-windows-devices-enumeration"
version = "2.3.0"
source = { registry = "https://pypi.org/simple" }
dependencies = [
    { name = "winrt-runtime" },
]
sdist = { url = "https://files.pythonhosted.org/packages/5f/74/aed7249ee138db3bc425913d3c0a0c7db42bdc97b0d2bf5da134cfc919cf/winrt_windows_devices_enumeration-2.3.0.tar.gz", hash = "sha256:a14078aac41432781acb0c950fcdcdeb096e2f80f7591a3d46435f30221fc3eb", size = 19943, upload-time = "2024-10-20T04:15:39.876Z" }
wheels = [
    { url = "https://files.pythonhosted.org/packages/ae/fa/3e654fba4c48fed2776ee023b690fe9eebf4e345a52f21a2358f30397deb/winrt_Windows.Devices.Enumeration-2.3.0-cp313-cp313-win32.whl", hash = "sha256:a5f2cff6ee584e5627a2246bdbcd1b3a3fd1e7ae0741f62c59f7d5a5650d5791", size = 114111, upload-time = "2024-10-20T02:58:17.957Z" },
    { url = "https://files.pythonhosted.org/packages/98/0e/b946508e7a0dfc5c07bbab0860b2f30711a6f1c1d9999e3ab889b8024c5d/winrt_Windows.Devices.Enumeration-2.3.0-cp313-cp313-win_amd64.whl", hash = "sha256:7516171521aa383ccdc8f422cc202979a2359d0d1256f22852bfb0b55d9154f0", size = 132059, upload-time = "2024-10-20T02:58:19.034Z" },
    { url = "https://files.pythonhosted.org/packages/1e/d1/564b0c7ea461351f0101c50880d959cdbdfc443cb89559d819cb3d854f7a/winrt_Windows.Devices.Enumeration-2.3.0-cp313-cp313-win_arm64.whl", hash = "sha256:80d01dfffe4b548439242f3f7a737189354768b203cca023dc29b267dfe5595a", size = 121739, upload-time = "2024-10-20T02:58:20.063Z" },
]

[[package]]
name = "winrt-windows-foundation"
version = "2.3.0"
source = { registry = "https://pypi.org/simple" }
dependencies = [
    { name = "winrt-runtime" },
]
sdist = { url = "https://files.pythonhosted.org/packages/55/7f/93fd748713622d999c5ae71fe66441c6d63b7b826285555e68807481222c/winrt_windows_foundation-2.3.0.tar.gz", hash = "sha256:c5766f011c8debbe89b460af4a97d026ca252144e62d7278c9c79c5581ea0c02", size = 22594, upload-time = "2024-10-20T04:16:09.773Z" }
wheels = [
    { url = "https://files.pythonhosted.org/packages/d7/a0/a7d21584cac23961acaa359398ae3f5ad5d1a35b98e3be9c130634c226f8/winrt_Windows.Foundation-2.3.0-cp313-cp313-win32.whl", hash = "sha256:2b00fad3f2a3859ccae41eee12ab44434813a371c2f3003b4f2419e5eecb4832", size = 85760, upload-time = "2024-10-20T03:09:14.716Z" },
    { url = "https://files.pythonhosted.org/packages/07/fe/2553025e5d1cf880b272d15ae43c5014c74687bfc041d4260d069f5357f3/winrt_Windows.Foundation-2.3.0-cp313-cp313-win_amd64.whl", hash = "sha256:686619932b2a2c689cbebc7f5196437a45fd2056656ef130bb10240bb111086a", size = 100140, upload-time = "2024-10-20T03:09:15.818Z" },
    { url = "https://files.pythonhosted.org/packages/ab/b7/94ed1b3d5341115a7f5dab8fff7b22695ae8779ece94ce9b2d9608d47478/winrt_Windows.Foundation-2.3.0-cp313-cp313-win_arm64.whl", hash = "sha256:b38dcb83fe82a7da9a57d7d5ad5deb09503b5be6d9357a9fd3016ca31673805d", size = 86641, upload-time = "2024-10-20T03:09:16.905Z" },
]

[[package]]
name = "winrt-windows-foundation-collections"
version = "2.3.0"
source = { registry = "https://pypi.org/simple" }
dependencies = [
    { name = "winrt-runtime" },
]
sdist = { url = "https://files.pythonhosted.org/packages/59/fc/a8687fb0095471b0db29f6c921a8eb971f55ab79e1ccb5bcd01bf1b4baba/winrt_windows_foundation_collections-2.3.0.tar.gz", hash = "sha256:15c997fd6b64ef0400a619319ea3c6851c9c24e31d51b6448ba9bac3616d25a0", size = 12932, upload-time = "2024-10-20T04:16:10.555Z" }
wheels = [
    { url = "https://files.pythonhosted.org/packages/ea/00/aef792aa5434c7bd69161606c7c001bba6d38a2759dc2112c19f548ea187/winrt_Windows.Foundation.Collections-2.3.0-cp313-cp313-win32.whl", hash = "sha256:1e5f1637e0919c7bb5b11ba1eebbd43bc0ad9600cf887b59fcece0f8a6c0eac3", size = 51201, upload-time = "2024-10-20T03:09:31.434Z" },
    { url = "https://files.pythonhosted.org/packages/e6/cf/dbca5e255ad05a162f82ad0f8dba7cdf91ebaf78b955f056b8fc98ead448/winrt_Windows.Foundation.Collections-2.3.0-cp313-cp313-win_amd64.whl", hash = "sha256:c809a70bc0f93d53c7289a0a86d8869740e09fff0c57318a14401f5c17e0b912", size = 60736, upload-time = "2024-10-20T03:09:32.838Z" },
    { url = "https://files.pythonhosted.org/packages/55/84/6e3a75da245964461b3e6ac5a9db7d596fbbe8cf13bf771b4264c2c93ba6/winrt_Windows.Foundation.Collections-2.3.0-cp313-cp313-win_arm64.whl", hash = "sha256:269942fe86af06293a2676c8b2dcd5cb1d8ddfe1b5244f11c16e48ae0a5d100f", size = 52492, upload-time = "2024-10-20T03:09:33.831Z" },
]

[[package]]
name = "winrt-windows-storage-streams"
version = "2.3.0"
source = { registry = "https://pypi.org/simple" }
dependencies = [
    { name = "winrt-runtime" },
]
sdist = { url = "https://files.pythonhosted.org/packages/0c/07/5872ee6f9615a58820379ade122b28ff46b4227eee2232a22083a0ce7516/winrt_windows_storage_streams-2.3.0.tar.gz", hash = "sha256:d2c010beeb1dd7c135ed67ecfaea13440474a7c469e2e9aa2852db27d2063d44", size = 23581, upload-time = "2024-10-20T04:18:05.084Z" }
wheels = [
    { url = "https://files.pythonhosted.org/packages/a5/6f/1427f0240997dd2bd5c70ee2a129b6ee497deb6db1c519f2d4fe6af34b9f/winrt_Windows.Storage.Streams-2.3.0-cp313-cp313-win32.whl", hash = "sha256:7ac4e46fc5e21d8badc5d41779273c3f5e7196f1cf2df1959b6b70eca1d5d85f", size = 96000, upload-time = "2024-10-20T03:47:32.111Z" },
    { url = "https://files.pythonhosted.org/packages/13/c1/8a673a0f7232caac6410373f492f0ebac73760f5e66996e75a2679923c40/winrt_Windows.Storage.Streams-2.3.0-cp313-cp313-win_amd64.whl", hash = "sha256:1460027c94c107fcee484997494f3a400f08ee40396f010facb0e72b3b74c457", size = 108588, upload-time = "2024-10-20T03:47:33.145Z" },
    { url = "https://files.pythonhosted.org/packages/24/72/2c0d42508109b563826d77e45ec5418b30140a33ffd9a5a420d5685c1b94/winrt_Windows.Storage.Streams-2.3.0-cp313-cp313-win_arm64.whl", hash = "sha256:e4553a70f5264a7733596802a2991e2414cdcd5e396b9d11ee87be9abae9329e", size = 103050, upload-time = "2024-10-20T03:47:34.114Z" },
]
